// !$*UTF8*$!
{
	archiveVersion = 1;
	classes = {
	};
	objectVersion = 50;
	objects = {

/* Begin PBXBuildFile section */
		C9CE6FD52111F34E0099A50C /* net_raw_device_tun.c in Sources */ = {isa = PBXBuildFile; fileRef = C9CE6FBD2111F34E0099A50C /* net_raw_device_tun.c */; };
		C9CE6FD62111F34E0099A50C /* net_raw_dgram.c in Sources */ = {isa = PBXBuildFile; fileRef = C9CE6FBE2111F34E0099A50C /* net_raw_dgram.c */; };
		C9CE6FD72111F34E0099A50C /* net_raw_device_raw_capture.c in Sources */ = {isa = PBXBuildFile; fileRef = C9CE6FBF2111F34E0099A50C /* net_raw_device_raw_capture.c */; };
		C9CE6FD82111F34E0099A50C /* net_raw_utils.c in Sources */ = {isa = PBXBuildFile; fileRef = C9CE6FC02111F34E0099A50C /* net_raw_utils.c */; };
		C9CE6FD92111F34E0099A50C /* net_raw_device_raw.c in Sources */ = {isa = PBXBuildFile; fileRef = C9CE6FC12111F34E0099A50C /* net_raw_device_raw.c */; };
		C9CE6FDA2111F34E0099A50C /* net_raw_device_listener.c in Sources */ = {isa = PBXBuildFile; fileRef = C9CE6FC42111F34E0099A50C /* net_raw_device_listener.c */; };
		C9CE6FDB2111F34E0099A50C /* net_raw_endpoint.c in Sources */ = {isa = PBXBuildFile; fileRef = C9CE6FC52111F34E0099A50C /* net_raw_endpoint.c */; };
		C9CE6FDC2111F34E0099A50C /* net_raw_device.c in Sources */ = {isa = PBXBuildFile; fileRef = C9CE6FC62111F34E0099A50C /* net_raw_device.c */; };
		C9CE6FDD2111F34E0099A50C /* net_raw_driver.c in Sources */ = {isa = PBXBuildFile; fileRef = C9CE6FCB2111F34E0099A50C /* net_raw_driver.c */; };
/* End PBXBuildFile section */

/* Begin PBXCopyFilesBuildPhase section */
		C9CE6FAC2111F2ED0099A50C /* CopyFiles */ = {
			isa = PBXCopyFilesBuildPhase;
			buildActionMask = 2147483647;
			dstPath = "include/$(PRODUCT_NAME)";
			dstSubfolderSpec = 16;
			files = (
			);
			runOnlyForDeploymentPostprocessing = 0;
		};
/* End PBXCopyFilesBuildPhase section */

/* Begin PBXFileReference section */
		C9CE6FAE2111F2ED0099A50C /* libnet_driver_raw.a */ = {isa = PBXFileReference; explicitFileType = archive.ar; includeInIndex = 0; path = libnet_driver_raw.a; sourceTree = BUILT_PRODUCTS_DIR; };
		C9CE6FBB2111F34E0099A50C /* net_raw_endpoint.h */ = {isa = PBXFileReference; fileEncoding = 4; lastKnownFileType = sourcecode.c.h; path = net_raw_endpoint.h; sourceTree = "<group>"; };
		C9CE6FBC2111F34E0099A50C /* net_raw_device_raw_capture_i.h */ = {isa = PBXFileReference; fileEncoding = 4; lastKnownFileType = sourcecode.c.h; path = net_raw_device_raw_capture_i.h; sourceTree = "<group>"; };
		C9CE6FBD2111F34E0099A50C /* net_raw_device_tun.c */ = {isa = PBXFileReference; fileEncoding = 4; lastKnownFileType = sourcecode.c.c; path = net_raw_device_tun.c; sourceTree = "<group>"; };
		C9CE6FBE2111F34E0099A50C /* net_raw_dgram.c */ = {isa = PBXFileReference; fileEncoding = 4; lastKnownFileType = sourcecode.c.c; path = net_raw_dgram.c; sourceTree = "<group>"; };
		C9CE6FBF2111F34E0099A50C /* net_raw_device_raw_capture.c */ = {isa = PBXFileReference; fileEncoding = 4; lastKnownFileType = sourcecode.c.c; path = net_raw_device_raw_capture.c; sourceTree = "<group>"; };
		C9CE6FC02111F34E0099A50C /* net_raw_utils.c */ = {isa = PBXFileReference; fileEncoding = 4; lastKnownFileType = sourcecode.c.c; path = net_raw_utils.c; sourceTree = "<group>"; };
		C9CE6FC12111F34E0099A50C /* net_raw_device_raw.c */ = {isa = PBXFileReference; fileEncoding = 4; lastKnownFileType = sourcecode.c.c; path = net_raw_device_raw.c; sourceTree = "<group>"; };
		C9CE6FC22111F34E0099A50C /* net_raw_device_raw_i.h */ = {isa = PBXFileReference; fileEncoding = 4; lastKnownFileType = sourcecode.c.h; path = net_raw_device_raw_i.h; sourceTree = "<group>"; };
		C9CE6FC32111F34E0099A50C /* net_raw_driver_i.h */ = {isa = PBXFileReference; fileEncoding = 4; lastKnownFileType = sourcecode.c.h; path = net_raw_driver_i.h; sourceTree = "<group>"; };
		C9CE6FC42111F34E0099A50C /* net_raw_device_listener.c */ = {isa = PBXFileReference; fileEncoding = 4; lastKnownFileType = sourcecode.c.c; path = net_raw_device_listener.c; sourceTree = "<group>"; };
		C9CE6FC52111F34E0099A50C /* net_raw_endpoint.c */ = {isa = PBXFileReference; fileEncoding = 4; lastKnownFileType = sourcecode.c.c; path = net_raw_endpoint.c; sourceTree = "<group>"; };
		C9CE6FC62111F34E0099A50C /* net_raw_device.c */ = {isa = PBXFileReference; fileEncoding = 4; lastKnownFileType = sourcecode.c.c; path = net_raw_device.c; sourceTree = "<group>"; };
		C9CE6FC72111F34E0099A50C /* net_raw_device_tun_i.h */ = {isa = PBXFileReference; fileEncoding = 4; lastKnownFileType = sourcecode.c.h; path = net_raw_device_tun_i.h; sourceTree = "<group>"; };
		C9CE6FC82111F34E0099A50C /* net_raw_device_listener_i.h */ = {isa = PBXFileReference; fileEncoding = 4; lastKnownFileType = sourcecode.c.h; path = net_raw_device_listener_i.h; sourceTree = "<group>"; };
		C9CE6FC92111F34E0099A50C /* net_raw_dgram.h */ = {isa = PBXFileReference; fileEncoding = 4; lastKnownFileType = sourcecode.c.h; path = net_raw_dgram.h; sourceTree = "<group>"; };
		C9CE6FCA2111F34E0099A50C /* net_raw_device_i.h */ = {isa = PBXFileReference; fileEncoding = 4; lastKnownFileType = sourcecode.c.h; path = net_raw_device_i.h; sourceTree = "<group>"; };
		C9CE6FCB2111F34E0099A50C /* net_raw_driver.c */ = {isa = PBXFileReference; fileEncoding = 4; lastKnownFileType = sourcecode.c.c; path = net_raw_driver.c; sourceTree = "<group>"; };
		C9CE6FCC2111F34E0099A50C /* net_raw_utils.h */ = {isa = PBXFileReference; fileEncoding = 4; lastKnownFileType = sourcecode.c.h; path = net_raw_utils.h; sourceTree = "<group>"; };
		C9CE6FCE2111F34E0099A50C /* net_raw_device.h */ = {isa = PBXFileReference; fileEncoding = 4; lastKnownFileType = sourcecode.c.h; path = net_raw_device.h; sourceTree = "<group>"; };
		C9CE6FCF2111F34E0099A50C /* net_raw_device_listener.h */ = {isa = PBXFileReference; fileEncoding = 4; lastKnownFileType = sourcecode.c.h; path = net_raw_device_listener.h; sourceTree = "<group>"; };
		C9CE6FD02111F34E0099A50C /* net_raw_driver.h */ = {isa = PBXFileReference; fileEncoding = 4; lastKnownFileType = sourcecode.c.h; path = net_raw_driver.h; sourceTree = "<group>"; };
		C9CE6FD12111F34E0099A50C /* net_raw_device_tun.h */ = {isa = PBXFileReference; fileEncoding = 4; lastKnownFileType = sourcecode.c.h; path = net_raw_device_tun.h; sourceTree = "<group>"; };
		C9CE6FD22111F34E0099A50C /* net_raw_device_raw_capture.h */ = {isa = PBXFileReference; fileEncoding = 4; lastKnownFileType = sourcecode.c.h; path = net_raw_device_raw_capture.h; sourceTree = "<group>"; };
		C9CE6FD32111F34E0099A50C /* net_raw_device_raw.h */ = {isa = PBXFileReference; fileEncoding = 4; lastKnownFileType = sourcecode.c.h; path = net_raw_device_raw.h; sourceTree = "<group>"; };
		C9CE6FD42111F34E0099A50C /* net_raw_types.h */ = {isa = PBXFileReference; fileEncoding = 4; lastKnownFileType = sourcecode.c.h; path = net_raw_types.h; sourceTree = "<group>"; };
/* End PBXFileReference section */

/* Begin PBXFrameworksBuildPhase section */
		C9CE6FAB2111F2ED0099A50C /* Frameworks */ = {
			isa = PBXFrameworksBuildPhase;
			buildActionMask = 2147483647;
			files = (
			);
			runOnlyForDeploymentPostprocessing = 0;
		};
/* End PBXFrameworksBuildPhase section */

/* Begin PBXGroup section */
		C9CE6FA52111F2ED0099A50C = {
			isa = PBXGroup;
			children = (
				C9CE6FB02111F2ED0099A50C /* driver_raw */,
				C9CE6FAF2111F2ED0099A50C /* Products */,
			);
			sourceTree = "<group>";
		};
		C9CE6FAF2111F2ED0099A50C /* Products */ = {
			isa = PBXGroup;
			children = (
				C9CE6FAE2111F2ED0099A50C /* libnet_driver_raw.a */,
			);
			name = Products;
			sourceTree = "<group>";
		};
		C9CE6FB02111F2ED0099A50C /* driver_raw */ = {
			isa = PBXGroup;
			children = (
				C9CE6FCD2111F34E0099A50C /* include */,
				C9CE6FBA2111F34E0099A50C /* src */,
			);
			name = driver_raw;
			path = ../../driver_raw;
			sourceTree = "<group>";
		};
		C9CE6FBA2111F34E0099A50C /* src */ = {
			isa = PBXGroup;
			children = (
				C9CE6FBB2111F34E0099A50C /* net_raw_endpoint.h */,
				C9CE6FBC2111F34E0099A50C /* net_raw_device_raw_capture_i.h */,
				C9CE6FBD2111F34E0099A50C /* net_raw_device_tun.c */,
				C9CE6FBE2111F34E0099A50C /* net_raw_dgram.c */,
				C9CE6FBF2111F34E0099A50C /* net_raw_device_raw_capture.c */,
				C9CE6FC02111F34E0099A50C /* net_raw_utils.c */,
				C9CE6FC12111F34E0099A50C /* net_raw_device_raw.c */,
				C9CE6FC22111F34E0099A50C /* net_raw_device_raw_i.h */,
				C9CE6FC32111F34E0099A50C /* net_raw_driver_i.h */,
				C9CE6FC42111F34E0099A50C /* net_raw_device_listener.c */,
				C9CE6FC52111F34E0099A50C /* net_raw_endpoint.c */,
				C9CE6FC62111F34E0099A50C /* net_raw_device.c */,
				C9CE6FC72111F34E0099A50C /* net_raw_device_tun_i.h */,
				C9CE6FC82111F34E0099A50C /* net_raw_device_listener_i.h */,
				C9CE6FC92111F34E0099A50C /* net_raw_dgram.h */,
				C9CE6FCA2111F34E0099A50C /* net_raw_device_i.h */,
				C9CE6FCB2111F34E0099A50C /* net_raw_driver.c */,
				C9CE6FCC2111F34E0099A50C /* net_raw_utils.h */,
			);
			path = src;
			sourceTree = "<group>";
		};
		C9CE6FCD2111F34E0099A50C /* include */ = {
			isa = PBXGroup;
			children = (
				C9CE6FCE2111F34E0099A50C /* net_raw_device.h */,
				C9CE6FCF2111F34E0099A50C /* net_raw_device_listener.h */,
				C9CE6FD02111F34E0099A50C /* net_raw_driver.h */,
				C9CE6FD12111F34E0099A50C /* net_raw_device_tun.h */,
				C9CE6FD22111F34E0099A50C /* net_raw_device_raw_capture.h */,
				C9CE6FD32111F34E0099A50C /* net_raw_device_raw.h */,
				C9CE6FD42111F34E0099A50C /* net_raw_types.h */,
			);
			path = include;
			sourceTree = "<group>";
		};
/* End PBXGroup section */

/* Begin PBXNativeTarget section */
		C9CE6FAD2111F2ED0099A50C /* net_driver_raw */ = {
			isa = PBXNativeTarget;
			buildConfigurationList = C9CE6FB72111F2ED0099A50C /* Build configuration list for PBXNativeTarget "net_driver_raw" */;
			buildPhases = (
				C9CE6FAA2111F2ED0099A50C /* Sources */,
				C9CE6FAB2111F2ED0099A50C /* Frameworks */,
				C9CE6FAC2111F2ED0099A50C /* CopyFiles */,
			);
			buildRules = (
			);
			dependencies = (
			);
			name = net_driver_raw;
			productName = driver_raw;
			productReference = C9CE6FAE2111F2ED0099A50C /* libnet_driver_raw.a */;
			productType = "com.apple.product-type.library.static";
		};
/* End PBXNativeTarget section */

/* Begin PBXProject section */
		C9CE6FA62111F2ED0099A50C /* Project object */ = {
			isa = PBXProject;
			attributes = {
				LastUpgradeCheck = 0940;
				ORGANIZATIONNAME = "汪键";
				TargetAttributes = {
					C9CE6FAD2111F2ED0099A50C = {
						CreatedOnToolsVersion = 9.4.1;
					};
				};
			};
			buildConfigurationList = C9CE6FA92111F2ED0099A50C /* Build configuration list for PBXProject "net_raw" */;
			compatibilityVersion = "Xcode 9.3";
			developmentRegion = en;
			hasScannedForEncodings = 0;
			knownRegions = (
				en,
			);
			mainGroup = C9CE6FA52111F2ED0099A50C;
			productRefGroup = C9CE6FAF2111F2ED0099A50C /* Products */;
			projectDirPath = "";
			projectRoot = "";
			targets = (
				C9CE6FAD2111F2ED0099A50C /* net_driver_raw */,
			);
		};
/* End PBXProject section */

/* Begin PBXSourcesBuildPhase section */
		C9CE6FAA2111F2ED0099A50C /* Sources */ = {
			isa = PBXSourcesBuildPhase;
			buildActionMask = 2147483647;
			files = (
				C9CE6FDC2111F34E0099A50C /* net_raw_device.c in Sources */,
				C9CE6FDD2111F34E0099A50C /* net_raw_driver.c in Sources */,
				C9CE6FD82111F34E0099A50C /* net_raw_utils.c in Sources */,
				C9CE6FD62111F34E0099A50C /* net_raw_dgram.c in Sources */,
				C9CE6FDA2111F34E0099A50C /* net_raw_device_listener.c in Sources */,
				C9CE6FD52111F34E0099A50C /* net_raw_device_tun.c in Sources */,
				C9CE6FDB2111F34E0099A50C /* net_raw_endpoint.c in Sources */,
				C9CE6FD72111F34E0099A50C /* net_raw_device_raw_capture.c in Sources */,
				C9CE6FD92111F34E0099A50C /* net_raw_device_raw.c in Sources */,
			);
			runOnlyForDeploymentPostprocessing = 0;
		};
/* End PBXSourcesBuildPhase section */

/* Begin XCBuildConfiguration section */
		C9CE6FB52111F2ED0099A50C /* Debug */ = {
			isa = XCBuildConfiguration;
			buildSettings = {
				ALWAYS_SEARCH_USER_PATHS = NO;
				CLANG_ANALYZER_NONNULL = YES;
				CLANG_ANALYZER_NUMBER_OBJECT_CONVERSION = YES_AGGRESSIVE;
				CLANG_CXX_LANGUAGE_STANDARD = "gnu++14";
				CLANG_CXX_LIBRARY = "libc++";
				CLANG_ENABLE_MODULES = YES;
				CLANG_ENABLE_OBJC_ARC = YES;
				CLANG_ENABLE_OBJC_WEAK = YES;
				CLANG_WARN_BLOCK_CAPTURE_AUTORELEASING = YES;
				CLANG_WARN_BOOL_CONVERSION = YES;
				CLANG_WARN_COMMA = YES;
				CLANG_WARN_CONSTANT_CONVERSION = YES;
				CLANG_WARN_DEPRECATED_OBJC_IMPLEMENTATIONS = YES;
				CLANG_WARN_DIRECT_OBJC_ISA_USAGE = YES_ERROR;
				CLANG_WARN_DOCUMENTATION_COMMENTS = YES;
				CLANG_WARN_EMPTY_BODY = YES;
				CLANG_WARN_ENUM_CONVERSION = YES;
				CLANG_WARN_INFINITE_RECURSION = YES;
				CLANG_WARN_INT_CONVERSION = YES;
				CLANG_WARN_NON_LITERAL_NULL_CONVERSION = YES;
				CLANG_WARN_OBJC_IMPLICIT_RETAIN_SELF = YES;
				CLANG_WARN_OBJC_LITERAL_CONVERSION = YES;
				CLANG_WARN_OBJC_ROOT_CLASS = YES_ERROR;
				CLANG_WARN_RANGE_LOOP_ANALYSIS = YES;
				CLANG_WARN_STRICT_PROTOTYPES = YES;
				CLANG_WARN_SUSPICIOUS_MOVE = YES;
				CLANG_WARN_UNGUARDED_AVAILABILITY = YES_AGGRESSIVE;
				CLANG_WARN_UNREACHABLE_CODE = YES;
				CLANG_WARN__DUPLICATE_METHOD_MATCH = YES;
				CODE_SIGN_IDENTITY = "iPhone Developer";
				COPY_PHASE_STRIP = NO;
				DEBUG_INFORMATION_FORMAT = dwarf;
				ENABLE_STRICT_OBJC_MSGSEND = YES;
				ENABLE_TESTABILITY = YES;
				GCC_C_LANGUAGE_STANDARD = gnu11;
				GCC_DYNAMIC_NO_PIC = NO;
				GCC_NO_COMMON_BLOCKS = YES;
				GCC_OPTIMIZATION_LEVEL = 0;
				GCC_PREPROCESSOR_DEFINITIONS = (
					"DEBUG=1",
					"$(inherited)",
				);
				GCC_WARN_64_TO_32_BIT_CONVERSION = YES;
				GCC_WARN_ABOUT_RETURN_TYPE = YES_ERROR;
				GCC_WARN_UNDECLARED_SELECTOR = YES;
				GCC_WARN_UNINITIALIZED_AUTOS = YES_AGGRESSIVE;
				GCC_WARN_UNUSED_FUNCTION = YES;
				GCC_WARN_UNUSED_VARIABLE = YES;
				IPHONEOS_DEPLOYMENT_TARGET = 9.0;
				MTL_ENABLE_DEBUG_INFO = YES;
				ONLY_ACTIVE_ARCH = YES;
				SDKROOT = iphoneos;
			};
			name = Debug;
		};
		C9CE6FB62111F2ED0099A50C /* Release */ = {
			isa = XCBuildConfiguration;
			buildSettings = {
				ALWAYS_SEARCH_USER_PATHS = NO;
				CLANG_ANALYZER_NONNULL = YES;
				CLANG_ANALYZER_NUMBER_OBJECT_CONVERSION = YES_AGGRESSIVE;
				CLANG_CXX_LANGUAGE_STANDARD = "gnu++14";
				CLANG_CXX_LIBRARY = "libc++";
				CLANG_ENABLE_MODULES = YES;
				CLANG_ENABLE_OBJC_ARC = YES;
				CLANG_ENABLE_OBJC_WEAK = YES;
				CLANG_WARN_BLOCK_CAPTURE_AUTORELEASING = YES;
				CLANG_WARN_BOOL_CONVERSION = YES;
				CLANG_WARN_COMMA = YES;
				CLANG_WARN_CONSTANT_CONVERSION = YES;
				CLANG_WARN_DEPRECATED_OBJC_IMPLEMENTATIONS = YES;
				CLANG_WARN_DIRECT_OBJC_ISA_USAGE = YES_ERROR;
				CLANG_WARN_DOCUMENTATION_COMMENTS = YES;
				CLANG_WARN_EMPTY_BODY = YES;
				CLANG_WARN_ENUM_CONVERSION = YES;
				CLANG_WARN_INFINITE_RECURSION = YES;
				CLANG_WARN_INT_CONVERSION = YES;
				CLANG_WARN_NON_LITERAL_NULL_CONVERSION = YES;
				CLANG_WARN_OBJC_IMPLICIT_RETAIN_SELF = YES;
				CLANG_WARN_OBJC_LITERAL_CONVERSION = YES;
				CLANG_WARN_OBJC_ROOT_CLASS = YES_ERROR;
				CLANG_WARN_RANGE_LOOP_ANALYSIS = YES;
				CLANG_WARN_STRICT_PROTOTYPES = YES;
				CLANG_WARN_SUSPICIOUS_MOVE = YES;
				CLANG_WARN_UNGUARDED_AVAILABILITY = YES_AGGRESSIVE;
				CLANG_WARN_UNREACHABLE_CODE = YES;
				CLANG_WARN__DUPLICATE_METHOD_MATCH = YES;
				CODE_SIGN_IDENTITY = "iPhone Developer";
				COPY_PHASE_STRIP = NO;
				DEBUG_INFORMATION_FORMAT = "dwarf-with-dsym";
				ENABLE_NS_ASSERTIONS = NO;
				ENABLE_STRICT_OBJC_MSGSEND = YES;
				GCC_C_LANGUAGE_STANDARD = gnu11;
				GCC_NO_COMMON_BLOCKS = YES;
				GCC_WARN_64_TO_32_BIT_CONVERSION = YES;
				GCC_WARN_ABOUT_RETURN_TYPE = YES_ERROR;
				GCC_WARN_UNDECLARED_SELECTOR = YES;
				GCC_WARN_UNINITIALIZED_AUTOS = YES_AGGRESSIVE;
				GCC_WARN_UNUSED_FUNCTION = YES;
				GCC_WARN_UNUSED_VARIABLE = YES;
				IPHONEOS_DEPLOYMENT_TARGET = 9.0;
				MTL_ENABLE_DEBUG_INFO = NO;
				SDKROOT = iphoneos;
				VALIDATE_PRODUCT = YES;
			};
			name = Release;
		};
		C9CE6FB82111F2ED0099A50C /* Debug */ = {
			isa = XCBuildConfiguration;
			buildSettings = {
				CODE_SIGN_STYLE = Automatic;
				HEADER_SEARCH_PATHS = (
					../custom/lwip,
					../../depends/lwip/src/include,
					../../depends/lwip/src/include/ipv4,
					../../depends/lwip/src/include/ipv6,
					../../../cpe/include,
					../../../net/core/include,
				);
				OTHER_LDFLAGS = "-ObjC";
				PRODUCT_NAME = "$(TARGET_NAME)";
				SKIP_INSTALL = YES;
				TARGETED_DEVICE_FAMILY = "1,2";
			};
			name = Debug;
		};
		C9CE6FB92111F2ED0099A50C /* Release */ = {
			isa = XCBuildConfiguration;
			buildSettings = {
				CODE_SIGN_STYLE = Automatic;
				HEADER_SEARCH_PATHS = (
					../custom/lwip,
					../../depends/lwip/src/include,
					../../depends/lwip/src/include/ipv4,
					../../depends/lwip/src/include/ipv6,
					../../../cpe/include,
					../../../net/core/include,
				);
				OTHER_LDFLAGS = "-ObjC";
				PRODUCT_NAME = "$(TARGET_NAME)";
				SKIP_INSTALL = YES;
				TARGETED_DEVICE_FAMILY = "1,2";
			};
			name = Release;
		};
/* End XCBuildConfiguration section */

/* Begin XCConfigurationList section */
		C9CE6FA92111F2ED0099A50C /* Build configuration list for PBXProject "net_raw" */ = {
			isa = XCConfigurationList;
			buildConfigurations = (
				C9CE6FB52111F2ED0099A50C /* Debug */,
				C9CE6FB62111F2ED0099A50C /* Release */,
			);
			defaultConfigurationIsVisible = 0;
			defaultConfigurationName = Release;
		};
		C9CE6FB72111F2ED0099A50C /* Build configuration list for PBXNativeTarget "net_driver_raw" */ = {
			isa = XCConfigurationList;
			buildConfigurations = (
				C9CE6FB82111F2ED0099A50C /* Debug */,
				C9CE6FB92111F2ED0099A50C /* Release */,
			);
			defaultConfigurationIsVisible = 0;
			defaultConfigurationName = Release;
		};
/* End XCConfigurationList section */
	};
	rootObject = C9CE6FA62111F2ED0099A50C /* Project object */;
}
