// !$*UTF8*$!
{
	archiveVersion = 1;
	classes = {
	};
	objectVersion = 50;
	objects = {

/* Begin PBXBuildFile section */
		C9CE6FD52111F34E0099A50C /* net_raw_device_tun.c in Sources */ = {isa = PBXBuildFile; fileRef = C9CE6FBD2111F34E0099A50C /* net_raw_device_tun.c */; };
		C9CE6FD62111F34E0099A50C /* net_raw_dgram.c in Sources */ = {isa = PBXBuildFile; fileRef = C9CE6FBE2111F34E0099A50C /* net_raw_dgram.c */; };
		C9CE6FD72111F34E0099A50C /* net_raw_device_raw_capture.c in Sources */ = {isa = PBXBuildFile; fileRef = C9CE6FBF2111F34E0099A50C /* net_raw_device_raw_capture.c */; };
		C9CE6FD82111F34E0099A50C /* net_raw_utils.c in Sources */ = {isa = PBXBuildFile; fileRef = C9CE6FC02111F34E0099A50C /* net_raw_utils.c */; };
		C9CE6FD92111F34E0099A50C /* net_raw_device_raw.c in Sources */ = {isa = PBXBuildFile; fileRef = C9CE6FC12111F34E0099A50C /* net_raw_device_raw.c */; };
		C9CE6FDA2111F34E0099A50C /* net_raw_device_listener.c in Sources */ = {isa = PBXBuildFile; fileRef = C9CE6FC42111F34E0099A50C /* net_raw_device_listener.c */; };
		C9CE6FDB2111F34E0099A50C /* net_raw_endpoint.c in Sources */ = {isa = PBXBuildFile; fileRef = C9CE6FC52111F34E0099A50C /* net_raw_endpoint.c */; };
		C9CE6FDC2111F34E0099A50C /* net_raw_device.c in Sources */ = {isa = PBXBuildFile; fileRef = C9CE6FC62111F34E0099A50C /* net_raw_device.c */; };
		C9CE6FDD2111F34E0099A50C /* net_raw_driver.c in Sources */ = {isa = PBXBuildFile; fileRef = C9CE6FCB2111F34E0099A50C /* net_raw_driver.c */; };
		C9F7B1352112911300D5007A /* net_raw_device_tun_ne.m in Sources */ = {isa = PBXBuildFile; fileRef = C9F7B1332112911300D5007A /* net_raw_device_tun_ne.m */; };
		C9F7B21021129C1D00D5007A /* memp.c in Sources */ = {isa = PBXBuildFile; fileRef = C9F7B17121129C1D00D5007A /* memp.c */; };
		C9F7B21121129C1D00D5007A /* dhcp.c in Sources */ = {isa = PBXBuildFile; fileRef = C9F7B17221129C1D00D5007A /* dhcp.c */; };
		C9F7B21221129C1D00D5007A /* sys.c in Sources */ = {isa = PBXBuildFile; fileRef = C9F7B17321129C1D00D5007A /* sys.c */; };
		C9F7B21921129C1D00D5007A /* inet_chksum.c in Sources */ = {isa = PBXBuildFile; fileRef = C9F7B17B21129C1D00D5007A /* inet_chksum.c */; };
		C9F7B21A21129C1D00D5007A /* raw.c in Sources */ = {isa = PBXBuildFile; fileRef = C9F7B17C21129C1D00D5007A /* raw.c */; };
		C9F7B21B21129C1D00D5007A /* tcp_out.c in Sources */ = {isa = PBXBuildFile; fileRef = C9F7B17D21129C1D00D5007A /* tcp_out.c */; };
		C9F7B21C21129C1D00D5007A /* dns.c in Sources */ = {isa = PBXBuildFile; fileRef = C9F7B17E21129C1D00D5007A /* dns.c */; };
		C9F7B21D21129C1D00D5007A /* init.c in Sources */ = {isa = PBXBuildFile; fileRef = C9F7B17F21129C1D00D5007A /* init.c */; };
		C9F7B21E21129C1D00D5007A /* mem.c in Sources */ = {isa = PBXBuildFile; fileRef = C9F7B18021129C1D00D5007A /* mem.c */; };
		C9F7B21F21129C1D00D5007A /* def.c in Sources */ = {isa = PBXBuildFile; fileRef = C9F7B18121129C1D00D5007A /* def.c */; };
		C9F7B22021129C1D00D5007A /* udp.c in Sources */ = {isa = PBXBuildFile; fileRef = C9F7B18221129C1D00D5007A /* udp.c */; };
		C9F7B22121129C1D00D5007A /* stats.c in Sources */ = {isa = PBXBuildFile; fileRef = C9F7B18321129C1D00D5007A /* stats.c */; };
		C9F7B22221129C1D00D5007A /* tcp_in.c in Sources */ = {isa = PBXBuildFile; fileRef = C9F7B18421129C1D00D5007A /* tcp_in.c */; };
		C9F7B22321129C1D00D5007A /* autoip.c in Sources */ = {isa = PBXBuildFile; fileRef = C9F7B18621129C1D00D5007A /* autoip.c */; };
		C9F7B22421129C1D00D5007A /* ip_frag.c in Sources */ = {isa = PBXBuildFile; fileRef = C9F7B18721129C1D00D5007A /* ip_frag.c */; };
		C9F7B22521129C1D00D5007A /* igmp.c in Sources */ = {isa = PBXBuildFile; fileRef = C9F7B18821129C1D00D5007A /* igmp.c */; };
		C9F7B22621129C1D00D5007A /* icmp.c in Sources */ = {isa = PBXBuildFile; fileRef = C9F7B18921129C1D00D5007A /* icmp.c */; };
		C9F7B22721129C1D00D5007A /* ip4.c in Sources */ = {isa = PBXBuildFile; fileRef = C9F7B18A21129C1D00D5007A /* ip4.c */; };
		C9F7B22821129C1D00D5007A /* ip4_addr.c in Sources */ = {isa = PBXBuildFile; fileRef = C9F7B18B21129C1D00D5007A /* ip4_addr.c */; };
		C9F7B22921129C1D00D5007A /* netif.c in Sources */ = {isa = PBXBuildFile; fileRef = C9F7B18C21129C1D00D5007A /* netif.c */; };
		C9F7B22A21129C1D00D5007A /* tcp.c in Sources */ = {isa = PBXBuildFile; fileRef = C9F7B18D21129C1D00D5007A /* tcp.c */; };
		C9F7B22B21129C1D00D5007A /* timers.c in Sources */ = {isa = PBXBuildFile; fileRef = C9F7B18E21129C1D00D5007A /* timers.c */; };
		C9F7B22C21129C1D00D5007A /* pbuf.c in Sources */ = {isa = PBXBuildFile; fileRef = C9F7B18F21129C1D00D5007A /* pbuf.c */; };
		C9F7B22D21129C1D00D5007A /* ip6.c in Sources */ = {isa = PBXBuildFile; fileRef = C9F7B19221129C1D00D5007A /* ip6.c */; };
		C9F7B22E21129C1D00D5007A /* icmp6.c in Sources */ = {isa = PBXBuildFile; fileRef = C9F7B19321129C1D00D5007A /* icmp6.c */; };
		C9F7B22F21129C1D00D5007A /* mld6.c in Sources */ = {isa = PBXBuildFile; fileRef = C9F7B19421129C1D00D5007A /* mld6.c */; };
		C9F7B23021129C1D00D5007A /* dhcp6.c in Sources */ = {isa = PBXBuildFile; fileRef = C9F7B19521129C1D00D5007A /* dhcp6.c */; };
		C9F7B23121129C1D00D5007A /* ethip6.c in Sources */ = {isa = PBXBuildFile; fileRef = C9F7B19621129C1D00D5007A /* ethip6.c */; };
		C9F7B23221129C1D00D5007A /* nd6.c in Sources */ = {isa = PBXBuildFile; fileRef = C9F7B19721129C1D00D5007A /* nd6.c */; };
		C9F7B23321129C1D00D5007A /* inet6.c in Sources */ = {isa = PBXBuildFile; fileRef = C9F7B19821129C1D00D5007A /* inet6.c */; };
		C9F7B23421129C1D00D5007A /* ip6_addr.c in Sources */ = {isa = PBXBuildFile; fileRef = C9F7B19921129C1D00D5007A /* ip6_addr.c */; };
		C9F7B23521129C1D00D5007A /* ip6_frag.c in Sources */ = {isa = PBXBuildFile; fileRef = C9F7B19A21129C1D00D5007A /* ip6_frag.c */; };
		C9F7B24921129C1D00D5007A /* err.c in Sources */ = {isa = PBXBuildFile; fileRef = C9F7B20221129C1D00D5007A /* err.c */; };
/* End PBXBuildFile section */

/* Begin PBXCopyFilesBuildPhase section */
		C9CE6FAC2111F2ED0099A50C /* CopyFiles */ = {
			isa = PBXCopyFilesBuildPhase;
			buildActionMask = 2147483647;
			dstPath = "include/$(PRODUCT_NAME)";
			dstSubfolderSpec = 16;
			files = (
			);
			runOnlyForDeploymentPostprocessing = 0;
		};
		C9F7B13921129B4100D5007A /* CopyFiles */ = {
			isa = PBXCopyFilesBuildPhase;
			buildActionMask = 2147483647;
			dstPath = "include/$(PRODUCT_NAME)";
			dstSubfolderSpec = 16;
			files = (
			);
			runOnlyForDeploymentPostprocessing = 0;
		};
/* End PBXCopyFilesBuildPhase section */

/* Begin PBXFileReference section */
		C9CE6FAE2111F2ED0099A50C /* libnet_driver_raw.a */ = {isa = PBXFileReference; explicitFileType = archive.ar; includeInIndex = 0; path = libnet_driver_raw.a; sourceTree = BUILT_PRODUCTS_DIR; };
		C9CE6FBB2111F34E0099A50C /* net_raw_endpoint.h */ = {isa = PBXFileReference; fileEncoding = 4; lastKnownFileType = sourcecode.c.h; path = net_raw_endpoint.h; sourceTree = "<group>"; };
		C9CE6FBC2111F34E0099A50C /* net_raw_device_raw_capture_i.h */ = {isa = PBXFileReference; fileEncoding = 4; lastKnownFileType = sourcecode.c.h; path = net_raw_device_raw_capture_i.h; sourceTree = "<group>"; };
		C9CE6FBD2111F34E0099A50C /* net_raw_device_tun.c */ = {isa = PBXFileReference; explicitFileType = sourcecode.c.objc; fileEncoding = 4; path = net_raw_device_tun.c; sourceTree = "<group>"; };
		C9CE6FBE2111F34E0099A50C /* net_raw_dgram.c */ = {isa = PBXFileReference; explicitFileType = sourcecode.c.objc; fileEncoding = 4; path = net_raw_dgram.c; sourceTree = "<group>"; };
		C9CE6FBF2111F34E0099A50C /* net_raw_device_raw_capture.c */ = {isa = PBXFileReference; explicitFileType = sourcecode.c.objc; fileEncoding = 4; path = net_raw_device_raw_capture.c; sourceTree = "<group>"; };
		C9CE6FC02111F34E0099A50C /* net_raw_utils.c */ = {isa = PBXFileReference; explicitFileType = sourcecode.c.objc; fileEncoding = 4; path = net_raw_utils.c; sourceTree = "<group>"; };
		C9CE6FC12111F34E0099A50C /* net_raw_device_raw.c */ = {isa = PBXFileReference; explicitFileType = sourcecode.c.objc; fileEncoding = 4; path = net_raw_device_raw.c; sourceTree = "<group>"; };
		C9CE6FC22111F34E0099A50C /* net_raw_device_raw_i.h */ = {isa = PBXFileReference; fileEncoding = 4; lastKnownFileType = sourcecode.c.h; path = net_raw_device_raw_i.h; sourceTree = "<group>"; };
		C9CE6FC32111F34E0099A50C /* net_raw_driver_i.h */ = {isa = PBXFileReference; fileEncoding = 4; lastKnownFileType = sourcecode.c.h; path = net_raw_driver_i.h; sourceTree = "<group>"; };
		C9CE6FC42111F34E0099A50C /* net_raw_device_listener.c */ = {isa = PBXFileReference; explicitFileType = sourcecode.c.objc; fileEncoding = 4; path = net_raw_device_listener.c; sourceTree = "<group>"; };
		C9CE6FC52111F34E0099A50C /* net_raw_endpoint.c */ = {isa = PBXFileReference; explicitFileType = sourcecode.c.objc; fileEncoding = 4; path = net_raw_endpoint.c; sourceTree = "<group>"; };
		C9CE6FC62111F34E0099A50C /* net_raw_device.c */ = {isa = PBXFileReference; explicitFileType = sourcecode.c.objc; fileEncoding = 4; path = net_raw_device.c; sourceTree = "<group>"; };
		C9CE6FC72111F34E0099A50C /* net_raw_device_tun_i.h */ = {isa = PBXFileReference; fileEncoding = 4; lastKnownFileType = sourcecode.c.h; path = net_raw_device_tun_i.h; sourceTree = "<group>"; };
		C9CE6FC82111F34E0099A50C /* net_raw_device_listener_i.h */ = {isa = PBXFileReference; fileEncoding = 4; lastKnownFileType = sourcecode.c.h; path = net_raw_device_listener_i.h; sourceTree = "<group>"; };
		C9CE6FC92111F34E0099A50C /* net_raw_dgram.h */ = {isa = PBXFileReference; fileEncoding = 4; lastKnownFileType = sourcecode.c.h; path = net_raw_dgram.h; sourceTree = "<group>"; };
		C9CE6FCA2111F34E0099A50C /* net_raw_device_i.h */ = {isa = PBXFileReference; fileEncoding = 4; lastKnownFileType = sourcecode.c.h; path = net_raw_device_i.h; sourceTree = "<group>"; };
		C9CE6FCB2111F34E0099A50C /* net_raw_driver.c */ = {isa = PBXFileReference; explicitFileType = sourcecode.c.objc; fileEncoding = 4; path = net_raw_driver.c; sourceTree = "<group>"; };
		C9CE6FCC2111F34E0099A50C /* net_raw_utils.h */ = {isa = PBXFileReference; fileEncoding = 4; lastKnownFileType = sourcecode.c.h; path = net_raw_utils.h; sourceTree = "<group>"; };
		C9CE6FCE2111F34E0099A50C /* net_raw_device.h */ = {isa = PBXFileReference; fileEncoding = 4; lastKnownFileType = sourcecode.c.h; path = net_raw_device.h; sourceTree = "<group>"; };
		C9CE6FCF2111F34E0099A50C /* net_raw_device_listener.h */ = {isa = PBXFileReference; fileEncoding = 4; lastKnownFileType = sourcecode.c.h; path = net_raw_device_listener.h; sourceTree = "<group>"; };
		C9CE6FD02111F34E0099A50C /* net_raw_driver.h */ = {isa = PBXFileReference; fileEncoding = 4; lastKnownFileType = sourcecode.c.h; path = net_raw_driver.h; sourceTree = "<group>"; };
		C9CE6FD12111F34E0099A50C /* net_raw_device_tun.h */ = {isa = PBXFileReference; fileEncoding = 4; lastKnownFileType = sourcecode.c.h; path = net_raw_device_tun.h; sourceTree = "<group>"; };
		C9CE6FD22111F34E0099A50C /* net_raw_device_raw_capture.h */ = {isa = PBXFileReference; fileEncoding = 4; lastKnownFileType = sourcecode.c.h; path = net_raw_device_raw_capture.h; sourceTree = "<group>"; };
		C9CE6FD32111F34E0099A50C /* net_raw_device_raw.h */ = {isa = PBXFileReference; fileEncoding = 4; lastKnownFileType = sourcecode.c.h; path = net_raw_device_raw.h; sourceTree = "<group>"; };
		C9CE6FD42111F34E0099A50C /* net_raw_types.h */ = {isa = PBXFileReference; fileEncoding = 4; lastKnownFileType = sourcecode.c.h; path = net_raw_types.h; sourceTree = "<group>"; };
		C9F7B1332112911300D5007A /* net_raw_device_tun_ne.m */ = {isa = PBXFileReference; fileEncoding = 4; lastKnownFileType = sourcecode.c.objc; path = net_raw_device_tun_ne.m; sourceTree = "<group>"; };
		C9F7B13B21129B4100D5007A /* liblwip.a */ = {isa = PBXFileReference; explicitFileType = archive.ar; includeInIndex = 0; path = liblwip.a; sourceTree = BUILT_PRODUCTS_DIR; };
		C9F7B17121129C1D00D5007A /* memp.c */ = {isa = PBXFileReference; fileEncoding = 4; lastKnownFileType = sourcecode.c.c; path = memp.c; sourceTree = "<group>"; };
		C9F7B17221129C1D00D5007A /* dhcp.c */ = {isa = PBXFileReference; fileEncoding = 4; lastKnownFileType = sourcecode.c.c; path = dhcp.c; sourceTree = "<group>"; };
		C9F7B17321129C1D00D5007A /* sys.c */ = {isa = PBXFileReference; fileEncoding = 4; lastKnownFileType = sourcecode.c.c; path = sys.c; sourceTree = "<group>"; };
		C9F7B17B21129C1D00D5007A /* inet_chksum.c */ = {isa = PBXFileReference; fileEncoding = 4; lastKnownFileType = sourcecode.c.c; path = inet_chksum.c; sourceTree = "<group>"; };
		C9F7B17C21129C1D00D5007A /* raw.c */ = {isa = PBXFileReference; fileEncoding = 4; lastKnownFileType = sourcecode.c.c; path = raw.c; sourceTree = "<group>"; };
		C9F7B17D21129C1D00D5007A /* tcp_out.c */ = {isa = PBXFileReference; fileEncoding = 4; lastKnownFileType = sourcecode.c.c; path = tcp_out.c; sourceTree = "<group>"; };
		C9F7B17E21129C1D00D5007A /* dns.c */ = {isa = PBXFileReference; fileEncoding = 4; lastKnownFileType = sourcecode.c.c; path = dns.c; sourceTree = "<group>"; };
		C9F7B17F21129C1D00D5007A /* init.c */ = {isa = PBXFileReference; fileEncoding = 4; lastKnownFileType = sourcecode.c.c; path = init.c; sourceTree = "<group>"; };
		C9F7B18021129C1D00D5007A /* mem.c */ = {isa = PBXFileReference; fileEncoding = 4; lastKnownFileType = sourcecode.c.c; path = mem.c; sourceTree = "<group>"; };
		C9F7B18121129C1D00D5007A /* def.c */ = {isa = PBXFileReference; fileEncoding = 4; lastKnownFileType = sourcecode.c.c; path = def.c; sourceTree = "<group>"; };
		C9F7B18221129C1D00D5007A /* udp.c */ = {isa = PBXFileReference; fileEncoding = 4; lastKnownFileType = sourcecode.c.c; path = udp.c; sourceTree = "<group>"; };
		C9F7B18321129C1D00D5007A /* stats.c */ = {isa = PBXFileReference; fileEncoding = 4; lastKnownFileType = sourcecode.c.c; path = stats.c; sourceTree = "<group>"; };
		C9F7B18421129C1D00D5007A /* tcp_in.c */ = {isa = PBXFileReference; fileEncoding = 4; lastKnownFileType = sourcecode.c.c; path = tcp_in.c; sourceTree = "<group>"; };
		C9F7B18621129C1D00D5007A /* autoip.c */ = {isa = PBXFileReference; fileEncoding = 4; lastKnownFileType = sourcecode.c.c; path = autoip.c; sourceTree = "<group>"; };
		C9F7B18721129C1D00D5007A /* ip_frag.c */ = {isa = PBXFileReference; fileEncoding = 4; lastKnownFileType = sourcecode.c.c; path = ip_frag.c; sourceTree = "<group>"; };
		C9F7B18821129C1D00D5007A /* igmp.c */ = {isa = PBXFileReference; fileEncoding = 4; lastKnownFileType = sourcecode.c.c; path = igmp.c; sourceTree = "<group>"; };
		C9F7B18921129C1D00D5007A /* icmp.c */ = {isa = PBXFileReference; fileEncoding = 4; lastKnownFileType = sourcecode.c.c; path = icmp.c; sourceTree = "<group>"; };
		C9F7B18A21129C1D00D5007A /* ip4.c */ = {isa = PBXFileReference; fileEncoding = 4; lastKnownFileType = sourcecode.c.c; path = ip4.c; sourceTree = "<group>"; };
		C9F7B18B21129C1D00D5007A /* ip4_addr.c */ = {isa = PBXFileReference; fileEncoding = 4; lastKnownFileType = sourcecode.c.c; path = ip4_addr.c; sourceTree = "<group>"; };
		C9F7B18C21129C1D00D5007A /* netif.c */ = {isa = PBXFileReference; fileEncoding = 4; lastKnownFileType = sourcecode.c.c; path = netif.c; sourceTree = "<group>"; };
		C9F7B18D21129C1D00D5007A /* tcp.c */ = {isa = PBXFileReference; fileEncoding = 4; lastKnownFileType = sourcecode.c.c; path = tcp.c; sourceTree = "<group>"; };
		C9F7B18E21129C1D00D5007A /* timers.c */ = {isa = PBXFileReference; fileEncoding = 4; lastKnownFileType = sourcecode.c.c; path = timers.c; sourceTree = "<group>"; };
		C9F7B18F21129C1D00D5007A /* pbuf.c */ = {isa = PBXFileReference; fileEncoding = 4; lastKnownFileType = sourcecode.c.c; path = pbuf.c; sourceTree = "<group>"; };
		C9F7B19121129C1D00D5007A /* README */ = {isa = PBXFileReference; fileEncoding = 4; lastKnownFileType = text; path = README; sourceTree = "<group>"; };
		C9F7B19221129C1D00D5007A /* ip6.c */ = {isa = PBXFileReference; fileEncoding = 4; lastKnownFileType = sourcecode.c.c; path = ip6.c; sourceTree = "<group>"; };
		C9F7B19321129C1D00D5007A /* icmp6.c */ = {isa = PBXFileReference; fileEncoding = 4; lastKnownFileType = sourcecode.c.c; path = icmp6.c; sourceTree = "<group>"; };
		C9F7B19421129C1D00D5007A /* mld6.c */ = {isa = PBXFileReference; fileEncoding = 4; lastKnownFileType = sourcecode.c.c; path = mld6.c; sourceTree = "<group>"; };
		C9F7B19521129C1D00D5007A /* dhcp6.c */ = {isa = PBXFileReference; fileEncoding = 4; lastKnownFileType = sourcecode.c.c; path = dhcp6.c; sourceTree = "<group>"; };
		C9F7B19621129C1D00D5007A /* ethip6.c */ = {isa = PBXFileReference; fileEncoding = 4; lastKnownFileType = sourcecode.c.c; path = ethip6.c; sourceTree = "<group>"; };
		C9F7B19721129C1D00D5007A /* nd6.c */ = {isa = PBXFileReference; fileEncoding = 4; lastKnownFileType = sourcecode.c.c; path = nd6.c; sourceTree = "<group>"; };
		C9F7B19821129C1D00D5007A /* inet6.c */ = {isa = PBXFileReference; fileEncoding = 4; lastKnownFileType = sourcecode.c.c; path = inet6.c; sourceTree = "<group>"; };
		C9F7B19921129C1D00D5007A /* ip6_addr.c */ = {isa = PBXFileReference; fileEncoding = 4; lastKnownFileType = sourcecode.c.c; path = ip6_addr.c; sourceTree = "<group>"; };
		C9F7B19A21129C1D00D5007A /* ip6_frag.c */ = {isa = PBXFileReference; fileEncoding = 4; lastKnownFileType = sourcecode.c.c; path = ip6_frag.c; sourceTree = "<group>"; };
		C9F7B1C321129C1D00D5007A /* timers.h */ = {isa = PBXFileReference; fileEncoding = 4; lastKnownFileType = sourcecode.c.h; path = timers.h; sourceTree = "<group>"; };
		C9F7B1C421129C1D00D5007A /* pbuf.h */ = {isa = PBXFileReference; fileEncoding = 4; lastKnownFileType = sourcecode.c.h; path = pbuf.h; sourceTree = "<group>"; };
		C9F7B1C521129C1D00D5007A /* tcp_impl.h */ = {isa = PBXFileReference; fileEncoding = 4; lastKnownFileType = sourcecode.c.h; path = tcp_impl.h; sourceTree = "<group>"; };
		C9F7B1C621129C1D00D5007A /* tcp.h */ = {isa = PBXFileReference; fileEncoding = 4; lastKnownFileType = sourcecode.c.h; path = tcp.h; sourceTree = "<group>"; };
		C9F7B1C721129C1D00D5007A /* err.h */ = {isa = PBXFileReference; fileEncoding = 4; lastKnownFileType = sourcecode.c.h; path = err.h; sourceTree = "<group>"; };
		C9F7B1C821129C1D00D5007A /* snmp_asn1.h */ = {isa = PBXFileReference; fileEncoding = 4; lastKnownFileType = sourcecode.c.h; path = snmp_asn1.h; sourceTree = "<group>"; };
		C9F7B1C921129C1D00D5007A /* netif.h */ = {isa = PBXFileReference; fileEncoding = 4; lastKnownFileType = sourcecode.c.h; path = netif.h; sourceTree = "<group>"; };
		C9F7B1CA21129C1D00D5007A /* sio.h */ = {isa = PBXFileReference; fileEncoding = 4; lastKnownFileType = sourcecode.c.h; path = sio.h; sourceTree = "<group>"; };
		C9F7B1CB21129C1D00D5007A /* debug.h */ = {isa = PBXFileReference; fileEncoding = 4; lastKnownFileType = sourcecode.c.h; path = debug.h; sourceTree = "<group>"; };
		C9F7B1CC21129C1D00D5007A /* tcpip.h */ = {isa = PBXFileReference; fileEncoding = 4; lastKnownFileType = sourcecode.c.h; path = tcpip.h; sourceTree = "<group>"; };
		C9F7B1CD21129C1D00D5007A /* snmp.h */ = {isa = PBXFileReference; fileEncoding = 4; lastKnownFileType = sourcecode.c.h; path = snmp.h; sourceTree = "<group>"; };
		C9F7B1CE21129C1D00D5007A /* snmp_structs.h */ = {isa = PBXFileReference; fileEncoding = 4; lastKnownFileType = sourcecode.c.h; path = snmp_structs.h; sourceTree = "<group>"; };
		C9F7B1CF21129C1D00D5007A /* api_msg.h */ = {isa = PBXFileReference; fileEncoding = 4; lastKnownFileType = sourcecode.c.h; path = api_msg.h; sourceTree = "<group>"; };
		C9F7B1D021129C1D00D5007A /* netifapi.h */ = {isa = PBXFileReference; fileEncoding = 4; lastKnownFileType = sourcecode.c.h; path = netifapi.h; sourceTree = "<group>"; };
		C9F7B1D121129C1D00D5007A /* netbuf.h */ = {isa = PBXFileReference; fileEncoding = 4; lastKnownFileType = sourcecode.c.h; path = netbuf.h; sourceTree = "<group>"; };
		C9F7B1D221129C1D00D5007A /* api.h */ = {isa = PBXFileReference; fileEncoding = 4; lastKnownFileType = sourcecode.c.h; path = api.h; sourceTree = "<group>"; };
		C9F7B1D321129C1D00D5007A /* dhcp.h */ = {isa = PBXFileReference; fileEncoding = 4; lastKnownFileType = sourcecode.c.h; path = dhcp.h; sourceTree = "<group>"; };
		C9F7B1D421129C1D00D5007A /* memp.h */ = {isa = PBXFileReference; fileEncoding = 4; lastKnownFileType = sourcecode.c.h; path = memp.h; sourceTree = "<group>"; };
		C9F7B1D521129C1D00D5007A /* sockets.h */ = {isa = PBXFileReference; fileEncoding = 4; lastKnownFileType = sourcecode.c.h; path = sockets.h; sourceTree = "<group>"; };
		C9F7B1D621129C1D00D5007A /* ip_addr.h */ = {isa = PBXFileReference; fileEncoding = 4; lastKnownFileType = sourcecode.c.h; path = ip_addr.h; sourceTree = "<group>"; };
		C9F7B1D721129C1D00D5007A /* opt.h */ = {isa = PBXFileReference; fileEncoding = 4; lastKnownFileType = sourcecode.c.h; path = opt.h; sourceTree = "<group>"; };
		C9F7B1D821129C1D00D5007A /* inet_chksum.h */ = {isa = PBXFileReference; fileEncoding = 4; lastKnownFileType = sourcecode.c.h; path = inet_chksum.h; sourceTree = "<group>"; };
		C9F7B1D921129C1D00D5007A /* raw.h */ = {isa = PBXFileReference; fileEncoding = 4; lastKnownFileType = sourcecode.c.h; path = raw.h; sourceTree = "<group>"; };
		C9F7B1DA21129C1D00D5007A /* sys.h */ = {isa = PBXFileReference; fileEncoding = 4; lastKnownFileType = sourcecode.c.h; path = sys.h; sourceTree = "<group>"; };
		C9F7B1DB21129C1D00D5007A /* netdb.h */ = {isa = PBXFileReference; fileEncoding = 4; lastKnownFileType = sourcecode.c.h; path = netdb.h; sourceTree = "<group>"; };
		C9F7B1DC21129C1D00D5007A /* def.h */ = {isa = PBXFileReference; fileEncoding = 4; lastKnownFileType = sourcecode.c.h; path = def.h; sourceTree = "<group>"; };
		C9F7B1DD21129C1D00D5007A /* mem.h */ = {isa = PBXFileReference; fileEncoding = 4; lastKnownFileType = sourcecode.c.h; path = mem.h; sourceTree = "<group>"; };
		C9F7B1DE21129C1D00D5007A /* dns.h */ = {isa = PBXFileReference; fileEncoding = 4; lastKnownFileType = sourcecode.c.h; path = dns.h; sourceTree = "<group>"; };
		C9F7B1DF21129C1D00D5007A /* ip.h */ = {isa = PBXFileReference; fileEncoding = 4; lastKnownFileType = sourcecode.c.h; path = ip.h; sourceTree = "<group>"; };
		C9F7B1E021129C1D00D5007A /* init.h */ = {isa = PBXFileReference; fileEncoding = 4; lastKnownFileType = sourcecode.c.h; path = init.h; sourceTree = "<group>"; };
		C9F7B1E121129C1D00D5007A /* snmp_msg.h */ = {isa = PBXFileReference; fileEncoding = 4; lastKnownFileType = sourcecode.c.h; path = snmp_msg.h; sourceTree = "<group>"; };
		C9F7B1E221129C1D00D5007A /* stats.h */ = {isa = PBXFileReference; fileEncoding = 4; lastKnownFileType = sourcecode.c.h; path = stats.h; sourceTree = "<group>"; };
		C9F7B1E321129C1D00D5007A /* memp_std.h */ = {isa = PBXFileReference; fileEncoding = 4; lastKnownFileType = sourcecode.c.h; path = memp_std.h; sourceTree = "<group>"; };
		C9F7B1E421129C1D00D5007A /* udp.h */ = {isa = PBXFileReference; fileEncoding = 4; lastKnownFileType = sourcecode.c.h; path = udp.h; sourceTree = "<group>"; };
		C9F7B1E521129C1D00D5007A /* arch.h */ = {isa = PBXFileReference; fileEncoding = 4; lastKnownFileType = sourcecode.c.h; path = arch.h; sourceTree = "<group>"; };
		C9F7B1EC21129C1D00D5007A /* igmp.h */ = {isa = PBXFileReference; fileEncoding = 4; lastKnownFileType = sourcecode.c.h; path = igmp.h; sourceTree = "<group>"; };
		C9F7B1ED21129C1D00D5007A /* ip4.h */ = {isa = PBXFileReference; fileEncoding = 4; lastKnownFileType = sourcecode.c.h; path = ip4.h; sourceTree = "<group>"; };
		C9F7B1EE21129C1D00D5007A /* icmp.h */ = {isa = PBXFileReference; fileEncoding = 4; lastKnownFileType = sourcecode.c.h; path = icmp.h; sourceTree = "<group>"; };
		C9F7B1EF21129C1D00D5007A /* inet.h */ = {isa = PBXFileReference; fileEncoding = 4; lastKnownFileType = sourcecode.c.h; path = inet.h; sourceTree = "<group>"; };
		C9F7B1F021129C1D00D5007A /* ip4_addr.h */ = {isa = PBXFileReference; fileEncoding = 4; lastKnownFileType = sourcecode.c.h; path = ip4_addr.h; sourceTree = "<group>"; };
		C9F7B1F121129C1D00D5007A /* autoip.h */ = {isa = PBXFileReference; fileEncoding = 4; lastKnownFileType = sourcecode.c.h; path = autoip.h; sourceTree = "<group>"; };
		C9F7B1F221129C1D00D5007A /* ip_frag.h */ = {isa = PBXFileReference; fileEncoding = 4; lastKnownFileType = sourcecode.c.h; path = ip_frag.h; sourceTree = "<group>"; };
		C9F7B1F521129C1D00D5007A /* nd6.h */ = {isa = PBXFileReference; fileEncoding = 4; lastKnownFileType = sourcecode.c.h; path = nd6.h; sourceTree = "<group>"; };
		C9F7B1F621129C1D00D5007A /* ethip6.h */ = {isa = PBXFileReference; fileEncoding = 4; lastKnownFileType = sourcecode.c.h; path = ethip6.h; sourceTree = "<group>"; };
		C9F7B1F721129C1D00D5007A /* inet6.h */ = {isa = PBXFileReference; fileEncoding = 4; lastKnownFileType = sourcecode.c.h; path = inet6.h; sourceTree = "<group>"; };
		C9F7B1F821129C1D00D5007A /* ip6_addr.h */ = {isa = PBXFileReference; fileEncoding = 4; lastKnownFileType = sourcecode.c.h; path = ip6_addr.h; sourceTree = "<group>"; };
		C9F7B1F921129C1D00D5007A /* ip6_frag.h */ = {isa = PBXFileReference; fileEncoding = 4; lastKnownFileType = sourcecode.c.h; path = ip6_frag.h; sourceTree = "<group>"; };
		C9F7B1FA21129C1D00D5007A /* ip6.h */ = {isa = PBXFileReference; fileEncoding = 4; lastKnownFileType = sourcecode.c.h; path = ip6.h; sourceTree = "<group>"; };
		C9F7B1FB21129C1D00D5007A /* icmp6.h */ = {isa = PBXFileReference; fileEncoding = 4; lastKnownFileType = sourcecode.c.h; path = icmp6.h; sourceTree = "<group>"; };
		C9F7B1FC21129C1D00D5007A /* dhcp6.h */ = {isa = PBXFileReference; fileEncoding = 4; lastKnownFileType = sourcecode.c.h; path = dhcp6.h; sourceTree = "<group>"; };
		C9F7B1FD21129C1D00D5007A /* mld6.h */ = {isa = PBXFileReference; fileEncoding = 4; lastKnownFileType = sourcecode.c.h; path = mld6.h; sourceTree = "<group>"; };
		C9F7B20221129C1D00D5007A /* err.c */ = {isa = PBXFileReference; fileEncoding = 4; lastKnownFileType = sourcecode.c.c; path = err.c; sourceTree = "<group>"; };
/* End PBXFileReference section */

/* Begin PBXFrameworksBuildPhase section */
		C9CE6FAB2111F2ED0099A50C /* Frameworks */ = {
			isa = PBXFrameworksBuildPhase;
			buildActionMask = 2147483647;
			files = (
			);
			runOnlyForDeploymentPostprocessing = 0;
		};
		C9F7B13821129B4100D5007A /* Frameworks */ = {
			isa = PBXFrameworksBuildPhase;
			buildActionMask = 2147483647;
			files = (
			);
			runOnlyForDeploymentPostprocessing = 0;
		};
/* End PBXFrameworksBuildPhase section */

/* Begin PBXGroup section */
		C9CE6FA52111F2ED0099A50C = {
			isa = PBXGroup;
			children = (
				C9F7B14421129C1D00D5007A /* depends */,
				C9CE6FB02111F2ED0099A50C /* driver_raw */,
				C9CE6FAF2111F2ED0099A50C /* Products */,
			);
			sourceTree = "<group>";
		};
		C9CE6FAF2111F2ED0099A50C /* Products */ = {
			isa = PBXGroup;
			children = (
				C9CE6FAE2111F2ED0099A50C /* libnet_driver_raw.a */,
				C9F7B13B21129B4100D5007A /* liblwip.a */,
			);
			name = Products;
			sourceTree = "<group>";
		};
		C9CE6FB02111F2ED0099A50C /* driver_raw */ = {
			isa = PBXGroup;
			children = (
				C9CE6FCD2111F34E0099A50C /* include */,
				C9CE6FBA2111F34E0099A50C /* src */,
			);
			name = driver_raw;
			path = ../../driver_raw;
			sourceTree = "<group>";
		};
		C9CE6FBA2111F34E0099A50C /* src */ = {
			isa = PBXGroup;
			children = (
				C9F7B1332112911300D5007A /* net_raw_device_tun_ne.m */,
				C9CE6FBB2111F34E0099A50C /* net_raw_endpoint.h */,
				C9CE6FBC2111F34E0099A50C /* net_raw_device_raw_capture_i.h */,
				C9CE6FBD2111F34E0099A50C /* net_raw_device_tun.c */,
				C9CE6FBE2111F34E0099A50C /* net_raw_dgram.c */,
				C9CE6FBF2111F34E0099A50C /* net_raw_device_raw_capture.c */,
				C9CE6FC02111F34E0099A50C /* net_raw_utils.c */,
				C9CE6FC12111F34E0099A50C /* net_raw_device_raw.c */,
				C9CE6FC22111F34E0099A50C /* net_raw_device_raw_i.h */,
				C9CE6FC32111F34E0099A50C /* net_raw_driver_i.h */,
				C9CE6FC42111F34E0099A50C /* net_raw_device_listener.c */,
				C9CE6FC52111F34E0099A50C /* net_raw_endpoint.c */,
				C9CE6FC62111F34E0099A50C /* net_raw_device.c */,
				C9CE6FC72111F34E0099A50C /* net_raw_device_tun_i.h */,
				C9CE6FC82111F34E0099A50C /* net_raw_device_listener_i.h */,
				C9CE6FC92111F34E0099A50C /* net_raw_dgram.h */,
				C9CE6FCA2111F34E0099A50C /* net_raw_device_i.h */,
				C9CE6FCB2111F34E0099A50C /* net_raw_driver.c */,
				C9CE6FCC2111F34E0099A50C /* net_raw_utils.h */,
			);
			path = src;
			sourceTree = "<group>";
		};
		C9CE6FCD2111F34E0099A50C /* include */ = {
			isa = PBXGroup;
			children = (
				C9CE6FCE2111F34E0099A50C /* net_raw_device.h */,
				C9CE6FCF2111F34E0099A50C /* net_raw_device_listener.h */,
				C9CE6FD02111F34E0099A50C /* net_raw_driver.h */,
				C9CE6FD12111F34E0099A50C /* net_raw_device_tun.h */,
				C9CE6FD22111F34E0099A50C /* net_raw_device_raw_capture.h */,
				C9CE6FD32111F34E0099A50C /* net_raw_device_raw.h */,
				C9CE6FD42111F34E0099A50C /* net_raw_types.h */,
			);
			path = include;
			sourceTree = "<group>";
		};
		C9F7B14421129C1D00D5007A /* depends */ = {
			isa = PBXGroup;
			children = (
				C9F7B14521129C1D00D5007A /* lwip */,
			);
			name = depends;
			path = ../../depends;
			sourceTree = "<group>";
		};
		C9F7B14521129C1D00D5007A /* lwip */ = {
			isa = PBXGroup;
			children = (
				C9F7B16E21129C1D00D5007A /* src */,
			);
			path = lwip;
			sourceTree = "<group>";
		};
		C9F7B16E21129C1D00D5007A /* src */ = {
			isa = PBXGroup;
			children = (
				C9F7B17021129C1D00D5007A /* core */,
				C9F7B1BD21129C1D00D5007A /* include */,
				C9F7B1FE21129C1D00D5007A /* api */,
			);
			path = src;
			sourceTree = "<group>";
		};
		C9F7B17021129C1D00D5007A /* core */ = {
			isa = PBXGroup;
			children = (
				C9F7B17121129C1D00D5007A /* memp.c */,
				C9F7B17221129C1D00D5007A /* dhcp.c */,
				C9F7B17321129C1D00D5007A /* sys.c */,
				C9F7B17B21129C1D00D5007A /* inet_chksum.c */,
				C9F7B17C21129C1D00D5007A /* raw.c */,
				C9F7B17D21129C1D00D5007A /* tcp_out.c */,
				C9F7B17E21129C1D00D5007A /* dns.c */,
				C9F7B17F21129C1D00D5007A /* init.c */,
				C9F7B18021129C1D00D5007A /* mem.c */,
				C9F7B18121129C1D00D5007A /* def.c */,
				C9F7B18221129C1D00D5007A /* udp.c */,
				C9F7B18321129C1D00D5007A /* stats.c */,
				C9F7B18421129C1D00D5007A /* tcp_in.c */,
				C9F7B18521129C1D00D5007A /* ipv4 */,
				C9F7B18C21129C1D00D5007A /* netif.c */,
				C9F7B18D21129C1D00D5007A /* tcp.c */,
				C9F7B18E21129C1D00D5007A /* timers.c */,
				C9F7B18F21129C1D00D5007A /* pbuf.c */,
				C9F7B19021129C1D00D5007A /* ipv6 */,
			);
			path = core;
			sourceTree = "<group>";
		};
		C9F7B18521129C1D00D5007A /* ipv4 */ = {
			isa = PBXGroup;
			children = (
				C9F7B18621129C1D00D5007A /* autoip.c */,
				C9F7B18721129C1D00D5007A /* ip_frag.c */,
				C9F7B18821129C1D00D5007A /* igmp.c */,
				C9F7B18921129C1D00D5007A /* icmp.c */,
				C9F7B18A21129C1D00D5007A /* ip4.c */,
				C9F7B18B21129C1D00D5007A /* ip4_addr.c */,
			);
			path = ipv4;
			sourceTree = "<group>";
		};
		C9F7B19021129C1D00D5007A /* ipv6 */ = {
			isa = PBXGroup;
			children = (
				C9F7B19121129C1D00D5007A /* README */,
				C9F7B19221129C1D00D5007A /* ip6.c */,
				C9F7B19321129C1D00D5007A /* icmp6.c */,
				C9F7B19421129C1D00D5007A /* mld6.c */,
				C9F7B19521129C1D00D5007A /* dhcp6.c */,
				C9F7B19621129C1D00D5007A /* ethip6.c */,
				C9F7B19721129C1D00D5007A /* nd6.c */,
				C9F7B19821129C1D00D5007A /* inet6.c */,
				C9F7B19921129C1D00D5007A /* ip6_addr.c */,
				C9F7B19A21129C1D00D5007A /* ip6_frag.c */,
			);
			path = ipv6;
			sourceTree = "<group>";
		};
		C9F7B1BD21129C1D00D5007A /* include */ = {
			isa = PBXGroup;
			children = (
				C9F7B1C221129C1D00D5007A /* lwip */,
				C9F7B1EA21129C1D00D5007A /* ipv4 */,
				C9F7B1F321129C1D00D5007A /* ipv6 */,
			);
			path = include;
			sourceTree = "<group>";
		};
		C9F7B1C221129C1D00D5007A /* lwip */ = {
			isa = PBXGroup;
			children = (
				C9F7B1C321129C1D00D5007A /* timers.h */,
				C9F7B1C421129C1D00D5007A /* pbuf.h */,
				C9F7B1C521129C1D00D5007A /* tcp_impl.h */,
				C9F7B1C621129C1D00D5007A /* tcp.h */,
				C9F7B1C721129C1D00D5007A /* err.h */,
				C9F7B1C821129C1D00D5007A /* snmp_asn1.h */,
				C9F7B1C921129C1D00D5007A /* netif.h */,
				C9F7B1CA21129C1D00D5007A /* sio.h */,
				C9F7B1CB21129C1D00D5007A /* debug.h */,
				C9F7B1CC21129C1D00D5007A /* tcpip.h */,
				C9F7B1CD21129C1D00D5007A /* snmp.h */,
				C9F7B1CE21129C1D00D5007A /* snmp_structs.h */,
				C9F7B1CF21129C1D00D5007A /* api_msg.h */,
				C9F7B1D021129C1D00D5007A /* netifapi.h */,
				C9F7B1D121129C1D00D5007A /* netbuf.h */,
				C9F7B1D221129C1D00D5007A /* api.h */,
				C9F7B1D321129C1D00D5007A /* dhcp.h */,
				C9F7B1D421129C1D00D5007A /* memp.h */,
				C9F7B1D521129C1D00D5007A /* sockets.h */,
				C9F7B1D621129C1D00D5007A /* ip_addr.h */,
				C9F7B1D721129C1D00D5007A /* opt.h */,
				C9F7B1D821129C1D00D5007A /* inet_chksum.h */,
				C9F7B1D921129C1D00D5007A /* raw.h */,
				C9F7B1DA21129C1D00D5007A /* sys.h */,
				C9F7B1DB21129C1D00D5007A /* netdb.h */,
				C9F7B1DC21129C1D00D5007A /* def.h */,
				C9F7B1DD21129C1D00D5007A /* mem.h */,
				C9F7B1DE21129C1D00D5007A /* dns.h */,
				C9F7B1DF21129C1D00D5007A /* ip.h */,
				C9F7B1E021129C1D00D5007A /* init.h */,
				C9F7B1E121129C1D00D5007A /* snmp_msg.h */,
				C9F7B1E221129C1D00D5007A /* stats.h */,
				C9F7B1E321129C1D00D5007A /* memp_std.h */,
				C9F7B1E421129C1D00D5007A /* udp.h */,
				C9F7B1E521129C1D00D5007A /* arch.h */,
			);
			path = lwip;
			sourceTree = "<group>";
		};
		C9F7B1EA21129C1D00D5007A /* ipv4 */ = {
			isa = PBXGroup;
			children = (
				C9F7B1EB21129C1D00D5007A /* lwip */,
			);
			path = ipv4;
			sourceTree = "<group>";
		};
		C9F7B1EB21129C1D00D5007A /* lwip */ = {
			isa = PBXGroup;
			children = (
				C9F7B1EC21129C1D00D5007A /* igmp.h */,
				C9F7B1ED21129C1D00D5007A /* ip4.h */,
				C9F7B1EE21129C1D00D5007A /* icmp.h */,
				C9F7B1EF21129C1D00D5007A /* inet.h */,
				C9F7B1F021129C1D00D5007A /* ip4_addr.h */,
				C9F7B1F121129C1D00D5007A /* autoip.h */,
				C9F7B1F221129C1D00D5007A /* ip_frag.h */,
			);
			path = lwip;
			sourceTree = "<group>";
		};
		C9F7B1F321129C1D00D5007A /* ipv6 */ = {
			isa = PBXGroup;
			children = (
				C9F7B1F421129C1D00D5007A /* lwip */,
			);
			path = ipv6;
			sourceTree = "<group>";
		};
		C9F7B1F421129C1D00D5007A /* lwip */ = {
			isa = PBXGroup;
			children = (
				C9F7B1F521129C1D00D5007A /* nd6.h */,
				C9F7B1F621129C1D00D5007A /* ethip6.h */,
				C9F7B1F721129C1D00D5007A /* inet6.h */,
				C9F7B1F821129C1D00D5007A /* ip6_addr.h */,
				C9F7B1F921129C1D00D5007A /* ip6_frag.h */,
				C9F7B1FA21129C1D00D5007A /* ip6.h */,
				C9F7B1FB21129C1D00D5007A /* icmp6.h */,
				C9F7B1FC21129C1D00D5007A /* dhcp6.h */,
				C9F7B1FD21129C1D00D5007A /* mld6.h */,
			);
			path = lwip;
			sourceTree = "<group>";
		};
		C9F7B1FE21129C1D00D5007A /* api */ = {
			isa = PBXGroup;
			children = (
				C9F7B20221129C1D00D5007A /* err.c */,
			);
			path = api;
			sourceTree = "<group>";
		};
/* End PBXGroup section */

/* Begin PBXNativeTarget section */
		C9CE6FAD2111F2ED0099A50C /* net_driver_raw */ = {
			isa = PBXNativeTarget;
			buildConfigurationList = C9CE6FB72111F2ED0099A50C /* Build configuration list for PBXNativeTarget "net_driver_raw" */;
			buildPhases = (
				C9CE6FAA2111F2ED0099A50C /* Sources */,
				C9CE6FAB2111F2ED0099A50C /* Frameworks */,
				C9CE6FAC2111F2ED0099A50C /* CopyFiles */,
			);
			buildRules = (
			);
			dependencies = (
			);
			name = net_driver_raw;
			productName = driver_raw;
			productReference = C9CE6FAE2111F2ED0099A50C /* libnet_driver_raw.a */;
			productType = "com.apple.product-type.library.static";
		};
		C9F7B13A21129B4100D5007A /* lwip */ = {
			isa = PBXNativeTarget;
			buildConfigurationList = C9F7B14121129B4100D5007A /* Build configuration list for PBXNativeTarget "lwip" */;
			buildPhases = (
				C9F7B13721129B4100D5007A /* Sources */,
				C9F7B13821129B4100D5007A /* Frameworks */,
				C9F7B13921129B4100D5007A /* CopyFiles */,
			);
			buildRules = (
			);
			dependencies = (
			);
			name = lwip;
			productName = lwip;
			productReference = C9F7B13B21129B4100D5007A /* liblwip.a */;
			productType = "com.apple.product-type.library.static";
		};
/* End PBXNativeTarget section */

/* Begin PBXProject section */
		C9CE6FA62111F2ED0099A50C /* Project object */ = {
			isa = PBXProject;
			attributes = {
				LastUpgradeCheck = 0940;
				ORGANIZATIONNAME = "汪键";
				TargetAttributes = {
					C9CE6FAD2111F2ED0099A50C = {
						CreatedOnToolsVersion = 9.4.1;
					};
					C9F7B13A21129B4100D5007A = {
						CreatedOnToolsVersion = 9.4.1;
					};
				};
			};
			buildConfigurationList = C9CE6FA92111F2ED0099A50C /* Build configuration list for PBXProject "net_raw" */;
			compatibilityVersion = "Xcode 9.3";
			developmentRegion = en;
			hasScannedForEncodings = 0;
			knownRegions = (
				en,
			);
			mainGroup = C9CE6FA52111F2ED0099A50C;
			productRefGroup = C9CE6FAF2111F2ED0099A50C /* Products */;
			projectDirPath = "";
			projectRoot = "";
			targets = (
				C9CE6FAD2111F2ED0099A50C /* net_driver_raw */,
				C9F7B13A21129B4100D5007A /* lwip */,
			);
		};
/* End PBXProject section */

/* Begin PBXSourcesBuildPhase section */
		C9CE6FAA2111F2ED0099A50C /* Sources */ = {
			isa = PBXSourcesBuildPhase;
			buildActionMask = 2147483647;
			files = (
				C9CE6FDC2111F34E0099A50C /* net_raw_device.c in Sources */,
				C9CE6FDD2111F34E0099A50C /* net_raw_driver.c in Sources */,
				C9CE6FD82111F34E0099A50C /* net_raw_utils.c in Sources */,
				C9CE6FD62111F34E0099A50C /* net_raw_dgram.c in Sources */,
				C9CE6FDA2111F34E0099A50C /* net_raw_device_listener.c in Sources */,
				C9CE6FD52111F34E0099A50C /* net_raw_device_tun.c in Sources */,
				C9CE6FDB2111F34E0099A50C /* net_raw_endpoint.c in Sources */,
				C9F7B1352112911300D5007A /* net_raw_device_tun_ne.m in Sources */,
				C9CE6FD72111F34E0099A50C /* net_raw_device_raw_capture.c in Sources */,
				C9CE6FD92111F34E0099A50C /* net_raw_device_raw.c in Sources */,
			);
			runOnlyForDeploymentPostprocessing = 0;
		};
		C9F7B13721129B4100D5007A /* Sources */ = {
			isa = PBXSourcesBuildPhase;
			buildActionMask = 2147483647;
			files = (
				C9F7B22721129C1D00D5007A /* ip4.c in Sources */,
				C9F7B22621129C1D00D5007A /* icmp.c in Sources */,
				C9F7B21021129C1D00D5007A /* memp.c in Sources */,
				C9F7B21D21129C1D00D5007A /* init.c in Sources */,
				C9F7B22D21129C1D00D5007A /* ip6.c in Sources */,
				C9F7B22C21129C1D00D5007A /* pbuf.c in Sources */,
				C9F7B23421129C1D00D5007A /* ip6_addr.c in Sources */,
				C9F7B23321129C1D00D5007A /* inet6.c in Sources */,
				C9F7B22F21129C1D00D5007A /* mld6.c in Sources */,
				C9F7B22021129C1D00D5007A /* udp.c in Sources */,
				C9F7B22221129C1D00D5007A /* tcp_in.c in Sources */,
				C9F7B22321129C1D00D5007A /* autoip.c in Sources */,
				C9F7B22521129C1D00D5007A /* igmp.c in Sources */,
				C9F7B22421129C1D00D5007A /* ip_frag.c in Sources */,
				C9F7B22E21129C1D00D5007A /* icmp6.c in Sources */,
				C9F7B21921129C1D00D5007A /* inet_chksum.c in Sources */,
				C9F7B22B21129C1D00D5007A /* timers.c in Sources */,
				C9F7B23021129C1D00D5007A /* dhcp6.c in Sources */,
				C9F7B23221129C1D00D5007A /* nd6.c in Sources */,
				C9F7B22121129C1D00D5007A /* stats.c in Sources */,
				C9F7B21C21129C1D00D5007A /* dns.c in Sources */,
				C9F7B23521129C1D00D5007A /* ip6_frag.c in Sources */,
				C9F7B22A21129C1D00D5007A /* tcp.c in Sources */,
				C9F7B21B21129C1D00D5007A /* tcp_out.c in Sources */,
				C9F7B22921129C1D00D5007A /* netif.c in Sources */,
				C9F7B21121129C1D00D5007A /* dhcp.c in Sources */,
				C9F7B22821129C1D00D5007A /* ip4_addr.c in Sources */,
				C9F7B21221129C1D00D5007A /* sys.c in Sources */,
				C9F7B21A21129C1D00D5007A /* raw.c in Sources */,
				C9F7B24921129C1D00D5007A /* err.c in Sources */,
				C9F7B21F21129C1D00D5007A /* def.c in Sources */,
				C9F7B21E21129C1D00D5007A /* mem.c in Sources */,
				C9F7B23121129C1D00D5007A /* ethip6.c in Sources */,
			);
			runOnlyForDeploymentPostprocessing = 0;
		};
/* End PBXSourcesBuildPhase section */

/* Begin XCBuildConfiguration section */
		C9CE6FB52111F2ED0099A50C /* Debug */ = {
			isa = XCBuildConfiguration;
			buildSettings = {
				ALWAYS_SEARCH_USER_PATHS = NO;
				CLANG_ANALYZER_NONNULL = YES;
				CLANG_ANALYZER_NUMBER_OBJECT_CONVERSION = YES_AGGRESSIVE;
				CLANG_CXX_LANGUAGE_STANDARD = "gnu++14";
				CLANG_CXX_LIBRARY = "libc++";
				CLANG_ENABLE_MODULES = YES;
				CLANG_ENABLE_OBJC_ARC = YES;
				CLANG_ENABLE_OBJC_WEAK = YES;
				CLANG_WARN_BLOCK_CAPTURE_AUTORELEASING = YES;
				CLANG_WARN_BOOL_CONVERSION = YES;
				CLANG_WARN_COMMA = YES;
				CLANG_WARN_CONSTANT_CONVERSION = YES;
				CLANG_WARN_DEPRECATED_OBJC_IMPLEMENTATIONS = YES;
				CLANG_WARN_DIRECT_OBJC_ISA_USAGE = YES_ERROR;
				CLANG_WARN_DOCUMENTATION_COMMENTS = YES;
				CLANG_WARN_EMPTY_BODY = YES;
				CLANG_WARN_ENUM_CONVERSION = YES;
				CLANG_WARN_INFINITE_RECURSION = YES;
				CLANG_WARN_INT_CONVERSION = YES;
				CLANG_WARN_NON_LITERAL_NULL_CONVERSION = YES;
				CLANG_WARN_OBJC_IMPLICIT_RETAIN_SELF = YES;
				CLANG_WARN_OBJC_LITERAL_CONVERSION = YES;
				CLANG_WARN_OBJC_ROOT_CLASS = YES_ERROR;
				CLANG_WARN_RANGE_LOOP_ANALYSIS = YES;
				CLANG_WARN_STRICT_PROTOTYPES = YES;
				CLANG_WARN_SUSPICIOUS_MOVE = YES;
				CLANG_WARN_UNGUARDED_AVAILABILITY = YES_AGGRESSIVE;
				CLANG_WARN_UNREACHABLE_CODE = YES;
				CLANG_WARN__DUPLICATE_METHOD_MATCH = YES;
				CODE_SIGN_IDENTITY = "iPhone Developer";
				COPY_PHASE_STRIP = NO;
				DEBUG_INFORMATION_FORMAT = dwarf;
				ENABLE_STRICT_OBJC_MSGSEND = YES;
				ENABLE_TESTABILITY = YES;
				GCC_C_LANGUAGE_STANDARD = gnu11;
				GCC_DYNAMIC_NO_PIC = NO;
				GCC_NO_COMMON_BLOCKS = YES;
				GCC_OPTIMIZATION_LEVEL = 0;
				GCC_PREPROCESSOR_DEFINITIONS = (
					"DEBUG=1",
					"$(inherited)",
				);
				GCC_WARN_64_TO_32_BIT_CONVERSION = YES;
				GCC_WARN_ABOUT_RETURN_TYPE = YES_ERROR;
				GCC_WARN_UNDECLARED_SELECTOR = YES;
				GCC_WARN_UNINITIALIZED_AUTOS = YES_AGGRESSIVE;
				GCC_WARN_UNUSED_FUNCTION = YES;
				GCC_WARN_UNUSED_VARIABLE = YES;
				IPHONEOS_DEPLOYMENT_TARGET = 9.0;
				MTL_ENABLE_DEBUG_INFO = YES;
				ONLY_ACTIVE_ARCH = YES;
				SDKROOT = iphoneos;
			};
			name = Debug;
		};
		C9CE6FB62111F2ED0099A50C /* Release */ = {
			isa = XCBuildConfiguration;
			buildSettings = {
				ALWAYS_SEARCH_USER_PATHS = NO;
				CLANG_ANALYZER_NONNULL = YES;
				CLANG_ANALYZER_NUMBER_OBJECT_CONVERSION = YES_AGGRESSIVE;
				CLANG_CXX_LANGUAGE_STANDARD = "gnu++14";
				CLANG_CXX_LIBRARY = "libc++";
				CLANG_ENABLE_MODULES = YES;
				CLANG_ENABLE_OBJC_ARC = YES;
				CLANG_ENABLE_OBJC_WEAK = YES;
				CLANG_WARN_BLOCK_CAPTURE_AUTORELEASING = YES;
				CLANG_WARN_BOOL_CONVERSION = YES;
				CLANG_WARN_COMMA = YES;
				CLANG_WARN_CONSTANT_CONVERSION = YES;
				CLANG_WARN_DEPRECATED_OBJC_IMPLEMENTATIONS = YES;
				CLANG_WARN_DIRECT_OBJC_ISA_USAGE = YES_ERROR;
				CLANG_WARN_DOCUMENTATION_COMMENTS = YES;
				CLANG_WARN_EMPTY_BODY = YES;
				CLANG_WARN_ENUM_CONVERSION = YES;
				CLANG_WARN_INFINITE_RECURSION = YES;
				CLANG_WARN_INT_CONVERSION = YES;
				CLANG_WARN_NON_LITERAL_NULL_CONVERSION = YES;
				CLANG_WARN_OBJC_IMPLICIT_RETAIN_SELF = YES;
				CLANG_WARN_OBJC_LITERAL_CONVERSION = YES;
				CLANG_WARN_OBJC_ROOT_CLASS = YES_ERROR;
				CLANG_WARN_RANGE_LOOP_ANALYSIS = YES;
				CLANG_WARN_STRICT_PROTOTYPES = YES;
				CLANG_WARN_SUSPICIOUS_MOVE = YES;
				CLANG_WARN_UNGUARDED_AVAILABILITY = YES_AGGRESSIVE;
				CLANG_WARN_UNREACHABLE_CODE = YES;
				CLANG_WARN__DUPLICATE_METHOD_MATCH = YES;
				CODE_SIGN_IDENTITY = "iPhone Developer";
				COPY_PHASE_STRIP = NO;
				DEBUG_INFORMATION_FORMAT = "dwarf-with-dsym";
				ENABLE_NS_ASSERTIONS = NO;
				ENABLE_STRICT_OBJC_MSGSEND = YES;
				GCC_C_LANGUAGE_STANDARD = gnu11;
				GCC_NO_COMMON_BLOCKS = YES;
				GCC_WARN_64_TO_32_BIT_CONVERSION = YES;
				GCC_WARN_ABOUT_RETURN_TYPE = YES_ERROR;
				GCC_WARN_UNDECLARED_SELECTOR = YES;
				GCC_WARN_UNINITIALIZED_AUTOS = YES_AGGRESSIVE;
				GCC_WARN_UNUSED_FUNCTION = YES;
				GCC_WARN_UNUSED_VARIABLE = YES;
				IPHONEOS_DEPLOYMENT_TARGET = 9.0;
				MTL_ENABLE_DEBUG_INFO = NO;
				SDKROOT = iphoneos;
				VALIDATE_PRODUCT = YES;
			};
			name = Release;
		};
		C9CE6FB82111F2ED0099A50C /* Debug */ = {
			isa = XCBuildConfiguration;
			buildSettings = {
				CLANG_ENABLE_OBJC_ARC = NO;
				CODE_SIGN_STYLE = Automatic;
				GCC_PREPROCESSOR_DEFINITIONS = (
					"$(inherited)",
					"NET_RAW_USE_DQ=1",
					"NET_RAW_USE_DEV_NE=1",
				);
				HEADER_SEARCH_PATHS = (
					../custom/lwip,
					../../depends/lwip/src/include,
					../../depends/lwip/src/include/ipv4,
					../../depends/lwip/src/include/ipv6,
					../../../cpe/include,
					../../../net/core/include,
				);
				OTHER_LDFLAGS = "-ObjC";
				PRODUCT_NAME = "$(TARGET_NAME)";
				SKIP_INSTALL = YES;
				TARGETED_DEVICE_FAMILY = "1,2";
			};
			name = Debug;
		};
		C9CE6FB92111F2ED0099A50C /* Release */ = {
			isa = XCBuildConfiguration;
			buildSettings = {
				CLANG_ENABLE_OBJC_ARC = NO;
				CODE_SIGN_STYLE = Automatic;
				GCC_PREPROCESSOR_DEFINITIONS = (
					"$(inherited)",
					"NET_RAW_USE_DQ=1",
					"NET_RAW_USE_DEV_NE=1",
				);
				HEADER_SEARCH_PATHS = (
					../custom/lwip,
					../../depends/lwip/src/include,
					../../depends/lwip/src/include/ipv4,
					../../depends/lwip/src/include/ipv6,
					../../../cpe/include,
					../../../net/core/include,
				);
				OTHER_LDFLAGS = "-ObjC";
				PRODUCT_NAME = "$(TARGET_NAME)";
				SKIP_INSTALL = YES;
				TARGETED_DEVICE_FAMILY = "1,2";
			};
			name = Release;
		};
		C9F7B14221129B4100D5007A /* Debug */ = {
			isa = XCBuildConfiguration;
			buildSettings = {
				CLANG_WARN_DOCUMENTATION_COMMENTS = NO;
				CODE_SIGN_STYLE = Automatic;
				HEADER_SEARCH_PATHS = (
					../../../cpe/include,
					../custom/lwip,
					../../depends/lwip/src/include,
					../../depends/lwip/src/include/ipv4,
					../../depends/lwip/src/include/ipv6,
				);
				PRODUCT_NAME = "$(TARGET_NAME)";
				SKIP_INSTALL = YES;
				TARGETED_DEVICE_FAMILY = "1,2";
			};
			name = Debug;
		};
		C9F7B14321129B4100D5007A /* Release */ = {
			isa = XCBuildConfiguration;
			buildSettings = {
				CLANG_WARN_DOCUMENTATION_COMMENTS = NO;
				CODE_SIGN_STYLE = Automatic;
				HEADER_SEARCH_PATHS = (
					../../../cpe/include,
					../custom/lwip,
					../../depends/lwip/src/include,
					../../depends/lwip/src/include/ipv4,
					../../depends/lwip/src/include/ipv6,
				);
				PRODUCT_NAME = "$(TARGET_NAME)";
				SKIP_INSTALL = YES;
				TARGETED_DEVICE_FAMILY = "1,2";
			};
			name = Release;
		};
/* End XCBuildConfiguration section */

/* Begin XCConfigurationList section */
		C9CE6FA92111F2ED0099A50C /* Build configuration list for PBXProject "net_raw" */ = {
			isa = XCConfigurationList;
			buildConfigurations = (
				C9CE6FB52111F2ED0099A50C /* Debug */,
				C9CE6FB62111F2ED0099A50C /* Release */,
			);
			defaultConfigurationIsVisible = 0;
			defaultConfigurationName = Release;
		};
		C9CE6FB72111F2ED0099A50C /* Build configuration list for PBXNativeTarget "net_driver_raw" */ = {
			isa = XCConfigurationList;
			buildConfigurations = (
				C9CE6FB82111F2ED0099A50C /* Debug */,
				C9CE6FB92111F2ED0099A50C /* Release */,
			);
			defaultConfigurationIsVisible = 0;
			defaultConfigurationName = Release;
		};
		C9F7B14121129B4100D5007A /* Build configuration list for PBXNativeTarget "lwip" */ = {
			isa = XCConfigurationList;
			buildConfigurations = (
				C9F7B14221129B4100D5007A /* Debug */,
				C9F7B14321129B4100D5007A /* Release */,
			);
			defaultConfigurationIsVisible = 0;
			defaultConfigurationName = Release;
		};
/* End XCConfigurationList section */
	};
	rootObject = C9CE6FA62111F2ED0099A50C /* Project object */;
}
